
Microsoft Visual Studio Solution File, Format Version 12.00
# Visual Studio Version 16
VisualStudioVersion = 16.0.29201.188
MinimumVisualStudioVersion = 10.0.40219.1
Project("{9A19103F-16F7-4668-BE54-9A1E7A4F7556}") = "HelloWorld", "src\HelloWorld\HelloWorld.csproj", "{A89CF943-CDA4-4615-BBC0-E937D492F455}"
EndProject
Project("{9A19103F-16F7-4668-BE54-9A1E7A4F7556}") = "SimpleCalc", "src\SimpleCalc\SimpleCalc.csproj", "{6AAB637B-967A-4690-A020-A7D0F448403F}"
EndProject
Project("{9A19103F-16F7-4668-BE54-9A1E7A4F7556}") = "CalendarHandler", "src\CalendarHandler\CalendarHandler.csproj", "{7BE140F6-4719-4FC3-A584-67CAB3702109}"
EndProject
Project("{FAE04EC0-301F-11D3-BF4B-00C04F79EFBC}") = "CalendarHandler_v2", "src\CalendarHandler_v2\CalendarHandler_v2.csproj", "{874D8F7A-CF29-4997-BA86-BB4926D8C97D}"
EndProject
Global
	GlobalSection(SolutionConfigurationPlatforms) = preSolution
		Debug|Any CPU = Debug|Any CPU
		Release|Any CPU = Release|Any CPU
	EndGlobalSection
	GlobalSection(ProjectConfigurationPlatforms) = postSolution
		{A89CF943-CDA4-4615-BBC0-E937D492F455}.Debug|Any CPU.ActiveCfg = Debug|Any CPU
		{A89CF943-CDA4-4615-BBC0-E937D492F455}.Debug|Any CPU.Build.0 = Debug|Any CPU
		{A89CF943-CDA4-4615-BBC0-E937D492F455}.Release|Any CPU.ActiveCfg = Release|Any CPU
		{A89CF943-CDA4-4615-BBC0-E937D492F455}.Release|Any CPU.Build.0 = Release|Any CPU
		{6AAB637B-967A-4690-A020-A7D0F448403F}.Debug|Any CPU.ActiveCfg = Debug|Any CPU
		{6AAB637B-967A-4690-A020-A7D0F448403F}.Debug|Any CPU.Build.0 = Debug|Any CPU
		{6AAB637B-967A-4690-A020-A7D0F448403F}.Release|Any CPU.ActiveCfg = Release|Any CPU
		{6AAB637B-967A-4690-A020-A7D0F448403F}.Release|Any CPU.Build.0 = Release|Any CPU
		{7BE140F6-4719-4FC3-A584-67CAB3702109}.Debug|Any CPU.ActiveCfg = Debug|Any CPU
		{7BE140F6-4719-4FC3-A584-67CAB3702109}.Debug|Any CPU.Build.0 = Debug|Any CPU
		{7BE140F6-4719-4FC3-A584-67CAB3702109}.Release|Any CPU.ActiveCfg = Release|Any CPU
		{7BE140F6-4719-4FC3-A584-67CAB3702109}.Release|Any CPU.Build.0 = Release|Any CPU
		{874D8F7A-CF29-4997-BA86-BB4926D8C97D}.Debug|Any CPU.ActiveCfg = Debug|Any CPU
		{874D8F7A-CF29-4997-BA86-BB4926D8C97D}.Debug|Any CPU.Build.0 = Debug|Any CPU
		{874D8F7A-CF29-4997-BA86-BB4926D8C97D}.Release|Any CPU.ActiveCfg = Release|Any CPU
		{874D8F7A-CF29-4997-BA86-BB4926D8C97D}.Release|Any CPU.Build.0 = Release|Any CPU
	EndGlobalSection
	GlobalSection(SolutionProperties) = preSolution
		HideSolutionNode = FALSE
	EndGlobalSection
	GlobalSection(ExtensibilityGlobals) = postSolution
		SolutionGuid = {D836FB61-D8B7-4506-B9C6-BC442EC4D2D9}
	EndGlobalSection
EndGlobal
